
Microsoft Visual Studio Solution File, Format Version 11.00
# Visual Studio 2010
Project("{FAE04EC0-301F-11D3-BF4B-00C04F79EFBC}") = "VR_rhythm_game", "Assembly-CSharp.csproj", "{1AD8CD2C-7732-D606-55AF-E7DC56BD1919}"
EndProject
Project("{FAE04EC0-301F-11D3-BF4B-00C04F79EFBC}") = "VR_rhythm_game", "Assembly-CSharp-Editor.csproj", "{A179CAB5-D4C2-68EE-C30C-F29D9803AB34}"
EndProject
Global
	GlobalSection(SolutionConfigurationPlatforms) = preSolution
		Debug|Any CPU = Debug|Any CPU
		Release|Any CPU = Release|Any CPU
	EndGlobalSection
	GlobalSection(ProjectConfigurationPlatforms) = postSolution
		{1AD8CD2C-7732-D606-55AF-E7DC56BD1919}.Debug|Any CPU.ActiveCfg = Debug|Any CPU
		{1AD8CD2C-7732-D606-55AF-E7DC56BD1919}.Debug|Any CPU.Build.0 = Debug|Any CPU
		{1AD8CD2C-7732-D606-55AF-E7DC56BD1919}.Release|Any CPU.ActiveCfg = Release|Any CPU
		{1AD8CD2C-7732-D606-55AF-E7DC56BD1919}.Release|Any CPU.Build.0 = Release|Any CPU
		{A179CAB5-D4C2-68EE-C30C-F29D9803AB34}.Debug|Any CPU.ActiveCfg = Debug|Any CPU
		{A179CAB5-D4C2-68EE-C30C-F29D9803AB34}.Debug|Any CPU.Build.0 = Debug|Any CPU
		{A179CAB5-D4C2-68EE-C30C-F29D9803AB34}.Release|Any CPU.ActiveCfg = Release|Any CPU
		{A179CAB5-D4C2-68EE-C30C-F29D9803AB34}.Release|Any CPU.Build.0 = Release|Any CPU
	EndGlobalSection
	GlobalSection(SolutionProperties) = preSolution
		HideSolutionNode = FALSE
	EndGlobalSection
	GlobalSection(MonoDevelopProperties) = preSolution
		StartupItem = Assembly-CSharp.csproj
	EndGlobalSection
EndGlobal
